
Microsoft Visual Studio Solution File, Format Version 12.00
# Visual Studio Version 17
VisualStudioVersion = 17.11.35312.102
MinimumVisualStudioVersion = 10.0.40219.1
Project("{FAE04EC0-301F-11D3-BF4B-00C04F79EFBC}") = "WebApplication1", "WebApplication1\WebApplication1.csproj", "{B455B7A6-17FB-4102-9D83-03A71757B57E}"
EndProject
Global
	GlobalSection(SolutionConfigurationPlatforms) = preSolution
		Debug|Any CPU = Debug|Any CPU
		Release|Any CPU = Release|Any CPU
	EndGlobalSection
	GlobalSection(ProjectConfigurationPlatforms) = postSolution
		{B455B7A6-17FB-4102-9D83-03A71757B57E}.Debug|Any CPU.ActiveCfg = Debug|Any CPU
		{B455B7A6-17FB-4102-9D83-03A71757B57E}.Debug|Any CPU.Build.0 = Debug|Any CPU
		{B455B7A6-17FB-4102-9D83-03A71757B57E}.Release|Any CPU.ActiveCfg = Release|Any CPU
		{B455B7A6-17FB-4102-9D83-03A71757B57E}.Release|Any CPU.Build.0 = Release|Any CPU
	EndGlobalSection
	GlobalSection(SolutionProperties) = preSolution
		HideSolutionNode = FALSE
	EndGlobalSection
	GlobalSection(ExtensibilityGlobals) = postSolution
		SolutionGuid = {7D71CF2A-79E0-4E83-B5A9-FCF369C582F9}
	EndGlobalSection
EndGlobal
